
Microsoft Visual Studio Solution File, Format Version 12.00
# Visual Studio Version 17
VisualStudioVersion = 17.2.32630.192
MinimumVisualStudioVersion = 10.0.40219.1
Project("{FAE04EC0-301F-11D3-BF4B-00C04F79EFBC}") = "BestLunch", "BestLunch\BestLunch.csproj", "{EA507A45-AAEA-4D60-8161-D41DB21A9315}"
EndProject
Project("{FAE04EC0-301F-11D3-BF4B-00C04F79EFBC}") = "Domain", "Domain\Domain.csproj", "{12D1C1D1-56FE-4B6E-A83E-A1F1D1F70384}"
EndProject
Project("{FAE04EC0-301F-11D3-BF4B-00C04F79EFBC}") = "Data", "Data\Data.csproj", "{87308FAD-EFE3-4BCC-A367-310D0EF220C0}"
EndProject
Global
	GlobalSection(SolutionConfigurationPlatforms) = preSolution
		Debug|Any CPU = Debug|Any CPU
		Release|Any CPU = Release|Any CPU
	EndGlobalSection
	GlobalSection(ProjectConfigurationPlatforms) = postSolution
		{EA507A45-AAEA-4D60-8161-D41DB21A9315}.Debug|Any CPU.ActiveCfg = Debug|Any CPU
		{EA507A45-AAEA-4D60-8161-D41DB21A9315}.Debug|Any CPU.Build.0 = Debug|Any CPU
		{EA507A45-AAEA-4D60-8161-D41DB21A9315}.Release|Any CPU.ActiveCfg = Release|Any CPU
		{EA507A45-AAEA-4D60-8161-D41DB21A9315}.Release|Any CPU.Build.0 = Release|Any CPU
		{12D1C1D1-56FE-4B6E-A83E-A1F1D1F70384}.Debug|Any CPU.ActiveCfg = Debug|Any CPU
		{12D1C1D1-56FE-4B6E-A83E-A1F1D1F70384}.Debug|Any CPU.Build.0 = Debug|Any CPU
		{12D1C1D1-56FE-4B6E-A83E-A1F1D1F70384}.Release|Any CPU.ActiveCfg = Release|Any CPU
		{12D1C1D1-56FE-4B6E-A83E-A1F1D1F70384}.Release|Any CPU.Build.0 = Release|Any CPU
		{87308FAD-EFE3-4BCC-A367-310D0EF220C0}.Debug|Any CPU.ActiveCfg = Debug|Any CPU
		{87308FAD-EFE3-4BCC-A367-310D0EF220C0}.Debug|Any CPU.Build.0 = Debug|Any CPU
		{87308FAD-EFE3-4BCC-A367-310D0EF220C0}.Release|Any CPU.ActiveCfg = Release|Any CPU
		{87308FAD-EFE3-4BCC-A367-310D0EF220C0}.Release|Any CPU.Build.0 = Release|Any CPU
	EndGlobalSection
	GlobalSection(SolutionProperties) = preSolution
		HideSolutionNode = FALSE
	EndGlobalSection
	GlobalSection(ExtensibilityGlobals) = postSolution
		SolutionGuid = {64F4527D-DEFB-4643-8055-366C0317BCE5}
	EndGlobalSection
EndGlobal
